PODS:
  - FlutterMacOS (1.0.0)
  - moon_native (0.0.1):
    - FlutterMacOS

DEPENDENCIES:
  - FlutterMacOS (from `Flutter/ephemeral`)
  - moon_native (from `Flutter/ephemeral/.symlinks/plugins/moon_native/macos`)

EXTERNAL SOURCES:
  FlutterMacOS:
    :path: Flutter/ephemeral
  moon_native:
    :path: Flutter/ephemeral/.symlinks/plugins/moon_native/macos

SPEC CHECKSUMS:
  FlutterMacOS: 8f6f14fa908a6fb3fba0cd85dbd81ec4b251fb24
  moon_native: 4b0b03fe9e4ccc1511e131aaf7e4cac0cbb50e61

PODFILE CHECKSUM: 236401fc2c932af29a9fcf0e97baeeb2d750d367

COCOAPODS: 1.16.2
